{
  "name": "hisword",
  "version": "1.0.0",
  "lockfileVersion": 1,
  "requires": true,
  "dependencies": {
    "cordova-plugin-vibration": {
      "version": "2.1.6",
      "resolved": "https://registry.npmjs.org/cordova-plugin-vibration/-/cordova-plugin-vibration-2.1.6.tgz",
      "integrity": "sha1-5XKViSzxXkSwyZ+P60R3Q5XLSj4="
    },
    "cordova-plugin-whitelist": {
      "version": "1.3.3",
      "resolved": "https://registry.npmjs.org/cordova-plugin-whitelist/-/cordova-plugin-whitelist-1.3.3.tgz",
      "integrity": "sha1-tehezbv+Wu3tQKG/TuI3LmfZb7Q="
    },
    "f7-upscroller": {
      "version": "2.1.0-beta",
      "resolved": "https://registry.npmjs.org/f7-upscroller/-/f7-upscroller-2.1.0-beta.tgz",
      "integrity": "sha512-apw6EY27MA8+ZTZxBnXl6jrxbIIkj/twbP3fEla9WkYdP6ieUPg+L6TlBQQBlrXXuJ/u6qcf5oVr5JxQKhnpgA=="
    },
    "f7-welcomescreen": {
      "version": "2.1.4",
      "resolved": "https://registry.npmjs.org/f7-welcomescreen/-/f7-welcomescreen-2.1.4.tgz",
      "integrity": "sha512-I1GjUPp0ez3nPVS9ZebDxactUHJf3kZtnu0pr/+ulZeuFQqEpq6SR/nAl0fNKcaLMe6fQoK6ycCvu2iK2wW29A=="
    },
    "framework7-plugin-3d-panels": {
      "version": "2.0.0",
      "resolved": "https://registry.npmjs.org/framework7-plugin-3d-panels/-/framework7-plugin-3d-panels-2.0.0.tgz",
      "integrity": "sha512-ARKD2PB5fgOJQG7Rt2dSe211F14lj7yqi51KwWpN5aHvCWIXFp7k3YiW3kTCaUBXDAxxPtHkkSUNauVkLjv/5g=="
    }
  }
}
